
Microsoft Visual Studio Solution File, Format Version 12.00
# Visual Studio Version 17
VisualStudioVersion = 17.11.35431.28
MinimumVisualStudioVersion = 10.0.40219.1
Project("{FAE04EC0-301F-11D3-BF4B-00C04F79EFBC}") = "DA.DinnerPlanner.Model", "DA.DinnerPlanner.Model\DA.DinnerPlanner.Model.csproj", "{DF4C2FE7-AAF2-4A0A-A9D3-CC2F4C621AC7}"
EndProject
Project("{FAE04EC0-301F-11D3-BF4B-00C04F79EFBC}") = "DA.DinnerPlanner.EFCore.Setup.Cons", "DA.DinnerPlanner.EFCore.Setup.Cons\DA.DinnerPlanner.EFCore.Setup.Cons.csproj", "{9837BE96-1B51-45EE-8126-FE637719AA94}"
EndProject
Project("{FAE04EC0-301F-11D3-BF4B-00C04F79EFBC}") = "DA.DinnerPlanner.Razor.Proto", "DA.DinnerPlanner.Razor.Proto\DA.DinnerPlanner.Razor.Proto.csproj", "{6EC74D58-7FEA-41CD-9923-CEDE139D41F9}"
EndProject
Project("{FAE04EC0-301F-11D3-BF4B-00C04F79EFBC}") = "DA.DinnerPlanner.Common", "DA.DinnerPlanner.Common\DA.DinnerPlanner.Common.csproj", "{D2CF64E6-8627-4F31-88AC-DD565CB8DD89}"
EndProject
Project("{FAE04EC0-301F-11D3-BF4B-00C04F79EFBC}") = "DA.DinnerPlanner.WebAPI", "DA.DinnerPlanner.WebAPI\DA.DinnerPlanner.WebAPI.csproj", "{413755AE-BEE6-44BB-AEFC-A11FF128E948}"
EndProject
Global
	GlobalSection(SolutionConfigurationPlatforms) = preSolution
		Debug|Any CPU = Debug|Any CPU
		Release|Any CPU = Release|Any CPU
	EndGlobalSection
	GlobalSection(ProjectConfigurationPlatforms) = postSolution
		{DF4C2FE7-AAF2-4A0A-A9D3-CC2F4C621AC7}.Debug|Any CPU.ActiveCfg = Debug|Any CPU
		{DF4C2FE7-AAF2-4A0A-A9D3-CC2F4C621AC7}.Debug|Any CPU.Build.0 = Debug|Any CPU
		{DF4C2FE7-AAF2-4A0A-A9D3-CC2F4C621AC7}.Release|Any CPU.ActiveCfg = Release|Any CPU
		{DF4C2FE7-AAF2-4A0A-A9D3-CC2F4C621AC7}.Release|Any CPU.Build.0 = Release|Any CPU
		{9837BE96-1B51-45EE-8126-FE637719AA94}.Debug|Any CPU.ActiveCfg = Debug|Any CPU
		{9837BE96-1B51-45EE-8126-FE637719AA94}.Debug|Any CPU.Build.0 = Debug|Any CPU
		{9837BE96-1B51-45EE-8126-FE637719AA94}.Release|Any CPU.ActiveCfg = Release|Any CPU
		{9837BE96-1B51-45EE-8126-FE637719AA94}.Release|Any CPU.Build.0 = Release|Any CPU
		{6EC74D58-7FEA-41CD-9923-CEDE139D41F9}.Debug|Any CPU.ActiveCfg = Debug|Any CPU
		{6EC74D58-7FEA-41CD-9923-CEDE139D41F9}.Debug|Any CPU.Build.0 = Debug|Any CPU
		{6EC74D58-7FEA-41CD-9923-CEDE139D41F9}.Release|Any CPU.ActiveCfg = Release|Any CPU
		{6EC74D58-7FEA-41CD-9923-CEDE139D41F9}.Release|Any CPU.Build.0 = Release|Any CPU
		{D2CF64E6-8627-4F31-88AC-DD565CB8DD89}.Debug|Any CPU.ActiveCfg = Debug|Any CPU
		{D2CF64E6-8627-4F31-88AC-DD565CB8DD89}.Debug|Any CPU.Build.0 = Debug|Any CPU
		{D2CF64E6-8627-4F31-88AC-DD565CB8DD89}.Release|Any CPU.ActiveCfg = Release|Any CPU
		{D2CF64E6-8627-4F31-88AC-DD565CB8DD89}.Release|Any CPU.Build.0 = Release|Any CPU
		{413755AE-BEE6-44BB-AEFC-A11FF128E948}.Debug|Any CPU.ActiveCfg = Debug|Any CPU
		{413755AE-BEE6-44BB-AEFC-A11FF128E948}.Debug|Any CPU.Build.0 = Debug|Any CPU
		{413755AE-BEE6-44BB-AEFC-A11FF128E948}.Release|Any CPU.ActiveCfg = Release|Any CPU
		{413755AE-BEE6-44BB-AEFC-A11FF128E948}.Release|Any CPU.Build.0 = Release|Any CPU
	EndGlobalSection
	GlobalSection(SolutionProperties) = preSolution
		HideSolutionNode = FALSE
	EndGlobalSection
	GlobalSection(ExtensibilityGlobals) = postSolution
		SolutionGuid = {8032D22B-7743-4FAE-A9E2-28A6B3D5BE84}
	EndGlobalSection
EndGlobal
